
Microsoft Visual Studio Solution File, Format Version 12.00
# Visual Studio Version 16
VisualStudioVersion = 16.0.30503.244
MinimumVisualStudioVersion = 10.0.40219.1
Project("{888888A0-9F3D-457C-B088-3A5042F75D52}") = "RoomEscape", "RoomEscape.pyproj", "{CFD28FEF-0F60-4987-9566-F334D68AAE6D}"
EndProject
Global
	GlobalSection(SolutionConfigurationPlatforms) = preSolution
		Debug|Any CPU = Debug|Any CPU
		Release|Any CPU = Release|Any CPU
	EndGlobalSection
	GlobalSection(ProjectConfigurationPlatforms) = postSolution
		{CFD28FEF-0F60-4987-9566-F334D68AAE6D}.Debug|Any CPU.ActiveCfg = Debug|Any CPU
		{CFD28FEF-0F60-4987-9566-F334D68AAE6D}.Release|Any CPU.ActiveCfg = Release|Any CPU
	EndGlobalSection
	GlobalSection(SolutionProperties) = preSolution
		HideSolutionNode = FALSE
	EndGlobalSection
	GlobalSection(ExtensibilityGlobals) = postSolution
		SolutionGuid = {481B2C54-D672-4D13-99CD-38B8642DF4CC}
	EndGlobalSection
EndGlobal
